
Microsoft Visual Studio Solution File, Format Version 12.00
# Visual Studio 2013
VisualStudioVersion = 12.0.30723.0
MinimumVisualStudioVersion = 10.0.40219.1
Project("{FAE04EC0-301F-11D3-BF4B-00C04F79EFBC}") = "SpacepuppyUnityFramework", "SpacepuppyUnityFramework\SpacepuppyUnityFramework.csproj", "{A7178E1F-69D4-400E-BBDA-35E78D692B0C}"
EndProject
Project("{FAE04EC0-301F-11D3-BF4B-00C04F79EFBC}") = "SpacepuppySpawnManager", "SpacepuppySpawnManager\SpacepuppySpawnManager.csproj", "{6128A2A1-4F1C-43D8-AE60-5F0C43F94712}"
EndProject
Project("{FAE04EC0-301F-11D3-BF4B-00C04F79EFBC}") = "SpacepuppyUnityFrameworkEditor", "SpacepuppyUnityFrameworkEditor\SpacepuppyUnityFrameworkEditor.csproj", "{9F94E8FD-8E8B-4453-AFEF-2A96B888E417}"
EndProject
Global
	GlobalSection(SolutionConfigurationPlatforms) = preSolution
		Debug|Any CPU = Debug|Any CPU
		Release|Any CPU = Release|Any CPU
	EndGlobalSection
	GlobalSection(ProjectConfigurationPlatforms) = postSolution
		{A7178E1F-69D4-400E-BBDA-35E78D692B0C}.Debug|Any CPU.ActiveCfg = Debug|Any CPU
		{A7178E1F-69D4-400E-BBDA-35E78D692B0C}.Debug|Any CPU.Build.0 = Debug|Any CPU
		{A7178E1F-69D4-400E-BBDA-35E78D692B0C}.Release|Any CPU.ActiveCfg = Release|Any CPU
		{A7178E1F-69D4-400E-BBDA-35E78D692B0C}.Release|Any CPU.Build.0 = Release|Any CPU
		{6128A2A1-4F1C-43D8-AE60-5F0C43F94712}.Debug|Any CPU.ActiveCfg = Debug|Any CPU
		{6128A2A1-4F1C-43D8-AE60-5F0C43F94712}.Debug|Any CPU.Build.0 = Debug|Any CPU
		{6128A2A1-4F1C-43D8-AE60-5F0C43F94712}.Release|Any CPU.ActiveCfg = Release|Any CPU
		{6128A2A1-4F1C-43D8-AE60-5F0C43F94712}.Release|Any CPU.Build.0 = Release|Any CPU
		{9F94E8FD-8E8B-4453-AFEF-2A96B888E417}.Debug|Any CPU.ActiveCfg = Debug|Any CPU
		{9F94E8FD-8E8B-4453-AFEF-2A96B888E417}.Debug|Any CPU.Build.0 = Debug|Any CPU
		{9F94E8FD-8E8B-4453-AFEF-2A96B888E417}.Release|Any CPU.ActiveCfg = Release|Any CPU
		{9F94E8FD-8E8B-4453-AFEF-2A96B888E417}.Release|Any CPU.Build.0 = Release|Any CPU
	EndGlobalSection
	GlobalSection(SolutionProperties) = preSolution
		HideSolutionNode = FALSE
	EndGlobalSection
EndGlobal
